<?xml version="1.0" encoding="utf-8"?>
<Project ToolsVersion="4.0" xmlns="http://schemas.microsoft.com/developer/msbuild/2003">
  <ItemGroup>
    <Filter Include="源文件">
      <UniqueIdentifier>{4FC737F1-C7A5-4376-A066-2A32D752A2FF}</UniqueIdentifier>
      <Extensions>cpp;c;cc;cxx;def;odl;idl;hpj;bat;asm;asmx</Extensions>
    </Filter>
    <Filter Include="头文件">
      <UniqueIdentifier>{93995380-89BD-4b04-88EB-625FBE52EBFB}</UniqueIdentifier>
      <Extensions>h;hh;hpp;hxx;hm;inl;inc;xsd</Extensions>
    </Filter>
    <Filter Include="资源文件">
      <UniqueIdentifier>{67DA6AB6-F800-4c08-8B7A-83BB121AAD01}</UniqueIdentifier>
      <Extensions>rc;ico;cur;bmp;dlg;rc2;rct;bin;rgs;gif;jpg;jpeg;jpe;resx;tiff;tif;png;wav;mfcribbon-ms</Extensions>
    </Filter>
    <Filter Include="Shader">
      <UniqueIdentifier>{e275aa2b-5165-4c52-b3b2-62d016487fc2}</UniqueIdentifier>
    </Filter>
    <Filter Include="Doc">
      <UniqueIdentifier>{c46a7802-6061-4376-b52b-7780cd24c672}</UniqueIdentifier>
    </Filter>
    <Filter Include="Playground">
      <UniqueIdentifier>{f929cfdc-9655-469c-81e2-099ac7dbd2fd}</UniqueIdentifier>
    </Filter>
    <Filter Include="01_Getting_Started">
      <UniqueIdentifier>{c0a4c375-dd0d-4fe8-8806-d996473eab78}</UniqueIdentifier>
    </Filter>
    <Filter Include="Utils">
      <UniqueIdentifier>{c301a8ee-51a6-458e-b135-cff190c54126}</UniqueIdentifier>
    </Filter>
    <Filter Include="01_Getting_Started\02_Hello_Triangle">
      <UniqueIdentifier>{6f4ebd01-8640-436e-80ff-b65545ce34f8}</UniqueIdentifier>
    </Filter>
    <Filter Include="01_Getting_Started\02_Hello_Triangle\Exercise">
      <UniqueIdentifier>{f6b65b2a-38fc-4ce3-ae2e-b0c22228ec26}</UniqueIdentifier>
    </Filter>
    <Filter Include="01_Getting_Started\03_Shader">
      <UniqueIdentifier>{63aca29e-e024-4476-bca1-dcbd1168c6de}</UniqueIdentifier>
    </Filter>
  </ItemGroup>
  <ItemGroup>
    <ClCompile Include="main.cpp">
      <Filter>源文件</Filter>
    </ClCompile>
    <ClCompile Include="glad.c">
      <Filter>源文件</Filter>
    </ClCompile>
    <ClCompile Include="Utils\ShaderProgram.cpp">
      <Filter>Utils</Filter>
    </ClCompile>
    <ClCompile Include="Utils\ReadShaderFile.cpp">
      <Filter>Utils</Filter>
    </ClCompile>
    <ClCompile Include="01_Getting_Started\02_Hello_Triangle\HelloTriangleIndexed.cpp">
      <Filter>01_Getting_Started\02_Hello_Triangle</Filter>
    </ClCompile>
    <ClCompile Include="01_Getting_Started\02_Hello_Triangle\HelloTriangle.cpp">
      <Filter>01_Getting_Started\02_Hello_Triangle</Filter>
    </ClCompile>
    <ClCompile Include="01_Getting_Started\02_Hello_Triangle\Exercise\Ex2_TwoTriangles2.cpp">
      <Filter>01_Getting_Started\02_Hello_Triangle\Exercise</Filter>
    </ClCompile>
    <ClCompile Include="01_Getting_Started\02_Hello_Triangle\Exercise\Ex3_TwoTriangles3.cpp">
      <Filter>01_Getting_Started\02_Hello_Triangle\Exercise</Filter>
    </ClCompile>
    <ClCompile Include="01_Getting_Started\02_Hello_Triangle\Exercise\Ex1_TwoTriangles.cpp">
      <Filter>01_Getting_Started\02_Hello_Triangle\Exercise</Filter>
    </ClCompile>
  </ItemGroup>
  <ItemGroup>
    <None Include="..\RELEASE.md" />
    <None Include="..\README.md" />
    <None Include="Shader\HelloTriangle.fs">
      <Filter>Shader</Filter>
    </None>
    <None Include="Shader\HelloTriangle.vs">
      <Filter>Shader</Filter>
    </None>
    <None Include="Shader\HelloTriangleYellow.fs">
      <Filter>Shader</Filter>
    </None>
    <None Include="..\Doc\Note.md">
      <Filter>Doc</Filter>
    </None>
  </ItemGroup>
  <ItemGroup>
    <ClInclude Include="Utils\ReadShaderFile.h">
      <Filter>Utils</Filter>
    </ClInclude>
    <ClInclude Include="Utils\ShaderProgram.h">
      <Filter>Utils</Filter>
    </ClInclude>
    <ClInclude Include="01_Getting_Started\02_Hello_Triangle\HelloTriangle.h">
      <Filter>01_Getting_Started\02_Hello_Triangle</Filter>
    </ClInclude>
    <ClInclude Include="01_Getting_Started\02_Hello_Triangle\HelloTriangleIndexed.h">
      <Filter>01_Getting_Started\02_Hello_Triangle</Filter>
    </ClInclude>
    <ClInclude Include="01_Getting_Started\02_Hello_Triangle\Exercise\Ex2_TwoTriangles2.h">
      <Filter>01_Getting_Started\02_Hello_Triangle\Exercise</Filter>
    </ClInclude>
    <ClInclude Include="01_Getting_Started\02_Hello_Triangle\Exercise\Ex3_TwoTriangles3.h">
      <Filter>01_Getting_Started\02_Hello_Triangle\Exercise</Filter>
    </ClInclude>
    <ClInclude Include="01_Getting_Started\02_Hello_Triangle\Exercise\Ex1_TwoTriangles.h">
      <Filter>01_Getting_Started\02_Hello_Triangle\Exercise</Filter>
    </ClInclude>
    <ClInclude Include="CommonDefine.h">
      <Filter>头文件</Filter>
    </ClInclude>
  </ItemGroup>
</Project>